Microsoft Visual Studio Solution File, Format Version 11.00
# Visual Studio 2008

Project("{013C6728-C288-A350-4145-A3955F9C7AB1}") = "UnityFirstApp", "Assembly-CSharp.csproj", "{C5F4BA9F-6D2B-789B-2080-35F2D3C5C0D2}"
EndProject
Global
	GlobalSection(SolutionConfigurationPlatforms) = preSolution
		Debug|Any CPU = Debug|Any CPU
		Release|Any CPU = Release|Any CPU
	EndGlobalSection
	GlobalSection(ProjectConfigurationPlatforms) = postSolution
		{C5F4BA9F-6D2B-789B-2080-35F2D3C5C0D2}.Debug|Any CPU.ActiveCfg = Debug|Any CPU
		{C5F4BA9F-6D2B-789B-2080-35F2D3C5C0D2}.Debug|Any CPU.Build.0 = Debug|Any CPU
		{C5F4BA9F-6D2B-789B-2080-35F2D3C5C0D2}.Release|Any CPU.ActiveCfg = Release|Any CPU
		{C5F4BA9F-6D2B-789B-2080-35F2D3C5C0D2}.Release|Any CPU.Build.0 = Release|Any CPU
	EndGlobalSection
	GlobalSection(SolutionProperties) = preSolution
		HideSolutionNode = FALSE
	EndGlobalSection
	GlobalSection(MonoDevelopProperties) = preSolution
		StartupItem = Assembly-CSharp.csproj
	EndGlobalSection
EndGlobal
